{
  "lockfileVersion": 1,
  "configVersion": 0,
  "workspaces": {
    "": {
      "name": "@sudobility/sudojo_ui",
      "devDependencies": {
        "@heroicons/react": "^2.2.0",
        "@sudobility/components": "^5.0.72",
        "@sudobility/design": "^1.1.30",
        "@sudobility/sudojo_lib": "^0.0.154",
        "@sudobility/sudojo_types": "^1.2.56",
        "@types/react": "^19.2.2",
        "@types/react-dom": "^19.2.2",
        "class-variance-authority": "^0.7.1",
        "react": "^19.1.0",
        "react-dom": "^19.1.0",
        "typescript": "~5.9.3",
      },
      "peerDependencies": {
        "@heroicons/react": ">=2.0.0",
        "@sudobility/components": "^5.0.72",
        "@sudobility/design": "^1.1.30",
        "@sudobility/sudojo_lib": "^0.0.154",
        "@sudobility/sudojo_types": "^1.2.56",
        "react": ">=18.0.0",
        "react-dom": ">=18.0.0",
      },
    },
  },
  "packages": {
    "@heroicons/react": ["@heroicons/react@2.2.0", "", { "peerDependencies": { "react": ">= 16 || ^19.0.0-rc" } }, "sha512-LMcepvRaS9LYHJGsF0zzmgKCUim/X3N/DQKc4jepAXJ7l8QxJ1PmxJzqplF2Z3FE4PqBAIGyJAQ/w4B5dsqbtQ=="],

    "@rollup/rollup-linux-x64-gnu": ["@rollup/rollup-linux-x64-gnu@4.52.5", "", { "os": "linux", "cpu": "x64" }, "sha512-hXGLYpdhiNElzN770+H2nlx+jRog8TyynpTVzdlc6bndktjKWyZyiCsuDAlpd+j+W+WNqfcyAWz9HxxIGfZm1Q=="],

    "@rollup/rollup-linux-x64-musl": ["@rollup/rollup-linux-x64-musl@4.52.5", "", { "os": "linux", "cpu": "x64" }, "sha512-arCGIcuNKjBoKAXD+y7XomR9gY6Mw7HnFBv5Rw7wQRvwYLR7gBAgV7Mb2QTyjXfTveBNFAtPt46/36vV9STLNg=="],

    "@sudobility/components": ["@sudobility/components@5.0.72", "", { "optionalDependencies": { "@rollup/rollup-linux-x64-gnu": "4.52.5", "@rollup/rollup-linux-x64-musl": "4.52.5" }, "peerDependencies": { "@heroicons/react": ">=2.0.0", "@sudobility/design": "^1.1.30", "react": ">=18.0.0", "react-dom": ">=18.0.0" } }, "sha512-BRen4QLLGH69OoZfsm8Mg5xUJy/fJ1xjRggA7SmnJmQCd7WnaV2HY3k4QtAp6VSgtJ5vPMHiPIvsv0YEdKmlmQ=="],

    "@sudobility/design": ["@sudobility/design@1.1.30", "", {}, "sha512-yENSXWuMa9fxGGtvZUQFc94a2Iz/6R8qH4k4FU3qdX3eJYgATFWH13I3xNzM/cyt8Pm8THwiSNCnKjV0092NVg=="],

    "@sudobility/di": ["@sudobility/di@1.5.57", "", { "peerDependencies": { "@notifee/react-native": ">=7.0.0", "@react-native-async-storage/async-storage": ">=1.19.0", "@react-native-community/netinfo": ">=9.0.0", "@react-native-firebase/analytics": ">=18.0.0", "@react-native-firebase/app": ">=18.0.0", "@react-native-firebase/messaging": ">=18.0.0", "@react-native-firebase/remote-config": ">=18.0.0", "@sudobility/types": "^1.9.62", "firebase": ">=11.0.0", "react": ">=18.0.0", "react-native": ">=0.70.0" }, "optionalPeers": ["@notifee/react-native", "@react-native-async-storage/async-storage", "@react-native-community/netinfo", "@react-native-firebase/analytics", "@react-native-firebase/app", "@react-native-firebase/messaging", "@react-native-firebase/remote-config", "firebase", "react-native"] }, "sha512-LYdbjTObAI9YOV4TCTXPp13ybrcq9V2BOPauGRyjHmp88HYJmWTGsCezZDgrggfauh1WgbEKOe4GcbkzrVgGqw=="],

    "@sudobility/sudojo_client": ["@sudobility/sudojo_client@0.0.112", "", { "peerDependencies": { "@sudobility/di": "^1.5.57", "@sudobility/sudojo_types": "^1.2.56", "@sudobility/types": "^1.9.62", "@tanstack/react-query": ">=5.0.0", "react": ">=18.0.0" } }, "sha512-1FvKWn7qyAcV7mTH/J8hvx7CbI4D2SMkdTQRA9u8LoLXLx2KKJaA6+XaaHZFQRnitLGRk10l4PKfYH2e8zFKwQ=="],

    "@sudobility/sudojo_lib": ["@sudobility/sudojo_lib@0.0.154", "", { "peerDependencies": { "@sudobility/di": "^1.5.57", "@sudobility/sudojo_client": "^0.0.112", "@sudobility/sudojo_types": "^1.2.56", "@sudobility/types": "^1.9.62", "@tanstack/react-query": ">=5.0.0", "react": ">=18.0.0", "zustand": ">=5.0.0" } }, "sha512-gx5XEQSunoRSBFgWMc6qHAequK7b4jWVDRw6Hey+9/UNVMWK5U57CJU2kqNJ/+GyUSN1m4u64ghEOth9xzX78g=="],

    "@sudobility/sudojo_types": ["@sudobility/sudojo_types@1.2.56", "", {}, "sha512-gJqw/FuL+ZKbhF6sH76VmgdtsdcTEmyZaENw/eBFaCXD+G0cX5uKPcQ/4h2Cg/t/yFXXvD7MAS7z/ERW0na7+g=="],

    "@sudobility/types": ["@sudobility/types@1.9.62", "", {}, "sha512-GOkz5oE7Fmlolba2aemBF2fKPtH4I2lHAjVta+fqZAoAV72DQaWYzVEjTwKZs/ACY/g9Z262IDa7lEh+IOrn7w=="],

    "@tanstack/query-core": ["@tanstack/query-core@5.101.0", "", {}, "sha512-cQetA74EB+seWySv1TTKr828TnP0u39m6LykwDXIo84SNortpDkp30TMEjkqtYCNP9c40uT/iwl6MLiufEt0Ow=="],

    "@tanstack/react-query": ["@tanstack/react-query@5.101.0", "", { "dependencies": { "@tanstack/query-core": "5.101.0" }, "peerDependencies": { "react": "^18 || ^19" } }, "sha512-rLlJXSpkqfizLWgkR5+eLeIk0MvTx/meEIR7LRjxic+qxiQP8zVjq7BqQkiCMNLQBlLfuOLqqr6KO5GtrDlmSg=="],

    "@types/react": ["@types/react@19.2.17", "", { "dependencies": { "csstype": "^3.2.2" } }, "sha512-MXfmqaVPEVgkBT/aY0aGCkRWWtByiYQXo3xdQ8r5RzuFrPiRn8Gar2tQdXSUQ2GKV3bkXckek89V8wQBY2Q/Aw=="],

    "@types/react-dom": ["@types/react-dom@19.2.3", "", { "peerDependencies": { "@types/react": "^19.2.0" } }, "sha512-jp2L/eY6fn+KgVVQAOqYItbF0VY/YApe5Mz2F0aykSO8gx31bYCZyvSeYxCHKvzHG5eZjc+zyaS5BrBWya2+kQ=="],

    "class-variance-authority": ["class-variance-authority@0.7.1", "", { "dependencies": { "clsx": "^2.1.1" } }, "sha512-Ka+9Trutv7G8M6WT6SeiRWz792K5qEqIGEGzXKhAE6xOWAY6pPH8U+9IY3oCMv6kqTmLsv7Xh/2w2RigkePMsg=="],

    "clsx": ["clsx@2.1.1", "", {}, "sha512-eYm0QWBtUrBWZWG0d386OGAw16Z995PiOVo2B7bjWSbHedGl5e0ZWaq65kOGgUSNesEIDkB9ISbTg/JK9dhCZA=="],

    "csstype": ["csstype@3.2.3", "", {}, "sha512-z1HGKcYy2xA8AGQfwrn0PAy+PB7X/GSj3UVJW9qKyn43xWa+gl5nXmU4qqLMRzWVLFC8KusUX8T/0kCiOYpAIQ=="],

    "react": ["react@19.2.7", "", {}, "sha512-HNe9WslTbXmFK8o8cmwgAeJFSBvt1bPdHCVKtaaV+WlAN36mpT4hcRpwbf3fY56ar2oIXzsBpOAiIRHAdY0OlQ=="],

    "react-dom": ["react-dom@19.2.7", "", { "dependencies": { "scheduler": "^0.27.0" }, "peerDependencies": { "react": "^19.2.7" } }, "sha512-t0BRVXvbiE/o20Hfw669rLbMCDWtYZLvmJigy2f0MxsXF+71pxhR3xOkspmsO8h3ZlNzyibAmtCa3l4lYKk6gQ=="],

    "scheduler": ["scheduler@0.27.0", "", {}, "sha512-eNv+WrVbKu1f3vbYJT/xtiF5syA5HPIMtf9IgY/nKg0sWqzAUEvqY/xm7OcZc/qafLx/iO9FgOmeSAp4v5ti/Q=="],

    "typescript": ["typescript@5.9.3", "", { "bin": { "tsc": "bin/tsc", "tsserver": "bin/tsserver" } }, "sha512-jl1vZzPDinLr9eUt3J/t7V6FgNEw9QjvBPdysz9KfQDD41fQrC2Y4vKQdiaUpFT4bXlb1RHhLpp8wtm6M5TgSw=="],

    "zustand": ["zustand@5.0.14", "", { "peerDependencies": { "@types/react": ">=18.0.0", "immer": ">=9.0.6", "react": ">=18.0.0", "use-sync-external-store": ">=1.2.0" }, "optionalPeers": ["@types/react", "immer", "react", "use-sync-external-store"] }, "sha512-/8tAspM5LMPr28b3fwLYrtdj77ECpfZviaP75CMTnwO8ISyaE4GDIG/9rDDYq/cH9D2Xw2A2RXglLInmVBQB/g=="],
  }
}
