{
  "name": "@sudobility/sudojo_ui",
  "version": "0.0.21",
  "lockfileVersion": 3,
  "requires": true,
  "packages": {
    "": {
      "name": "@sudobility/sudojo_ui",
      "version": "0.0.21",
      "license": "BUSL-1.1",
      "devDependencies": {
        "@heroicons/react": "^2.2.0",
        "@sudobility/components": "^5.0.72",
        "@sudobility/design": "^1.1.30",
        "@sudobility/sudojo_lib": "^0.0.152",
        "@sudobility/sudojo_types": "^1.2.56",
        "@types/react": "^19.2.2",
        "@types/react-dom": "^19.2.2",
        "react": "^19.1.0",
        "react-dom": "^19.1.0",
        "typescript": "~5.9.3"
      },
      "peerDependencies": {
        "@heroicons/react": ">=2.0.0",
        "@sudobility/components": ">=5.0.71",
        "@sudobility/design": ">=1.1.30",
        "@sudobility/sudojo_lib": ">=0.0.151",
        "@sudobility/sudojo_types": ">=1.2.56",
        "react": ">=18.0.0",
        "react-dom": ">=18.0.0"
      }
    },
    "node_modules/@heroicons/react": {
      "version": "2.2.0",
      "resolved": "https://registry.npmjs.org/@heroicons/react/-/react-2.2.0.tgz",
      "integrity": "sha512-LMcepvRaS9LYHJGsF0zzmgKCUim/X3N/DQKc4jepAXJ7l8QxJ1PmxJzqplF2Z3FE4PqBAIGyJAQ/w4B5dsqbtQ==",
      "dev": true,
      "license": "MIT",
      "peerDependencies": {
        "react": ">= 16 || ^19.0.0-rc"
      }
    },
    "node_modules/@rollup/rollup-linux-x64-gnu": {
      "version": "4.52.5",
      "resolved": "https://registry.npmjs.org/@rollup/rollup-linux-x64-gnu/-/rollup-linux-x64-gnu-4.52.5.tgz",
      "integrity": "sha512-hXGLYpdhiNElzN770+H2nlx+jRog8TyynpTVzdlc6bndktjKWyZyiCsuDAlpd+j+W+WNqfcyAWz9HxxIGfZm1Q==",
      "cpu": [
        "x64"
      ],
      "dev": true,
      "license": "MIT",
      "optional": true,
      "os": [
        "linux"
      ]
    },
    "node_modules/@rollup/rollup-linux-x64-musl": {
      "version": "4.52.5",
      "resolved": "https://registry.npmjs.org/@rollup/rollup-linux-x64-musl/-/rollup-linux-x64-musl-4.52.5.tgz",
      "integrity": "sha512-arCGIcuNKjBoKAXD+y7XomR9gY6Mw7HnFBv5Rw7wQRvwYLR7gBAgV7Mb2QTyjXfTveBNFAtPt46/36vV9STLNg==",
      "cpu": [
        "x64"
      ],
      "dev": true,
      "license": "MIT",
      "optional": true,
      "os": [
        "linux"
      ]
    },
    "node_modules/@sudobility/components": {
      "version": "5.0.72",
      "resolved": "https://registry.npmjs.org/@sudobility/components/-/components-5.0.72.tgz",
      "integrity": "sha512-BRen4QLLGH69OoZfsm8Mg5xUJy/fJ1xjRggA7SmnJmQCd7WnaV2HY3k4QtAp6VSgtJ5vPMHiPIvsv0YEdKmlmQ==",
      "dev": true,
      "license": "BUSL-1.1",
      "optionalDependencies": {
        "@rollup/rollup-linux-x64-gnu": "4.52.5",
        "@rollup/rollup-linux-x64-musl": "4.52.5"
      },
      "peerDependencies": {
        "@heroicons/react": ">=2.0.0",
        "@radix-ui/react-alert-dialog": ">=1.0.0",
        "@radix-ui/react-dialog": ">=1.0.0",
        "@radix-ui/react-label": ">=2.0.0",
        "@radix-ui/react-select": ">=2.0.0",
        "@radix-ui/react-slot": ">=1.0.0",
        "@radix-ui/react-switch": ">=1.0.0",
        "@radix-ui/react-tabs": ">=1.0.0",
        "@sudobility/design": "^1.1.30",
        "@sudobility/types": "^1.9.62",
        "class-variance-authority": ">=0.7.0",
        "clsx": ">=2.0.0",
        "i18next": ">=23.0.0",
        "react": ">=18.0.0",
        "react-dom": ">=18.0.0",
        "react-i18next": ">=14.0.0",
        "react-router-dom": ">=6.0.0",
        "tailwind-merge": ">=2.0.0",
        "web-vitals": ">=3.0.0"
      }
    },
    "node_modules/@sudobility/design": {
      "version": "1.1.30",
      "resolved": "https://registry.npmjs.org/@sudobility/design/-/design-1.1.30.tgz",
      "integrity": "sha512-yENSXWuMa9fxGGtvZUQFc94a2Iz/6R8qH4k4FU3qdX3eJYgATFWH13I3xNzM/cyt8Pm8THwiSNCnKjV0092NVg==",
      "dev": true,
      "license": "BUSL-1.1",
      "peerDependencies": {
        "clsx": ">=2.0.0",
        "tailwind-merge": ">=2.0.0"
      }
    },
    "node_modules/@sudobility/sudojo_lib": {
      "version": "0.0.152",
      "resolved": "https://registry.npmjs.org/@sudobility/sudojo_lib/-/sudojo_lib-0.0.152.tgz",
      "integrity": "sha512-0k6lslG2/ymtYxEarXnk5YOhGMayT+cm8o/Y8KUiatWyyhlfWZ0QN/1mXShtOuZpdFNqvdfkFL1zyJgn9f8GkQ==",
      "dev": true,
      "license": "BUSL-1.1",
      "engines": {
        "node": ">=18.0.0"
      },
      "peerDependencies": {
        "@sudobility/di": "^1.5.57",
        "@sudobility/sudojo_client": "^0.0.112",
        "@sudobility/sudojo_types": "^1.2.56",
        "@sudobility/types": "^1.9.62",
        "@tanstack/react-query": ">=5.0.0",
        "react": ">=18.0.0",
        "zustand": ">=5.0.0"
      }
    },
    "node_modules/@sudobility/sudojo_types": {
      "version": "1.2.56",
      "resolved": "https://registry.npmjs.org/@sudobility/sudojo_types/-/sudojo_types-1.2.56.tgz",
      "integrity": "sha512-gJqw/FuL+ZKbhF6sH76VmgdtsdcTEmyZaENw/eBFaCXD+G0cX5uKPcQ/4h2Cg/t/yFXXvD7MAS7z/ERW0na7+g==",
      "dev": true,
      "license": "BUSL-1.1",
      "peerDependencies": {
        "@sudobility/types": "^1.9.62"
      }
    },
    "node_modules/@types/react": {
      "version": "19.2.17",
      "resolved": "https://registry.npmjs.org/@types/react/-/react-19.2.17.tgz",
      "integrity": "sha512-MXfmqaVPEVgkBT/aY0aGCkRWWtByiYQXo3xdQ8r5RzuFrPiRn8Gar2tQdXSUQ2GKV3bkXckek89V8wQBY2Q/Aw==",
      "dev": true,
      "license": "MIT",
      "dependencies": {
        "csstype": "^3.2.2"
      }
    },
    "node_modules/@types/react-dom": {
      "version": "19.2.3",
      "resolved": "https://registry.npmjs.org/@types/react-dom/-/react-dom-19.2.3.tgz",
      "integrity": "sha512-jp2L/eY6fn+KgVVQAOqYItbF0VY/YApe5Mz2F0aykSO8gx31bYCZyvSeYxCHKvzHG5eZjc+zyaS5BrBWya2+kQ==",
      "dev": true,
      "license": "MIT",
      "peerDependencies": {
        "@types/react": "^19.2.0"
      }
    },
    "node_modules/csstype": {
      "version": "3.2.3",
      "resolved": "https://registry.npmjs.org/csstype/-/csstype-3.2.3.tgz",
      "integrity": "sha512-z1HGKcYy2xA8AGQfwrn0PAy+PB7X/GSj3UVJW9qKyn43xWa+gl5nXmU4qqLMRzWVLFC8KusUX8T/0kCiOYpAIQ==",
      "dev": true,
      "license": "MIT"
    },
    "node_modules/react": {
      "version": "19.2.7",
      "resolved": "https://registry.npmjs.org/react/-/react-19.2.7.tgz",
      "integrity": "sha512-HNe9WslTbXmFK8o8cmwgAeJFSBvt1bPdHCVKtaaV+WlAN36mpT4hcRpwbf3fY56ar2oIXzsBpOAiIRHAdY0OlQ==",
      "dev": true,
      "license": "MIT",
      "engines": {
        "node": ">=0.10.0"
      }
    },
    "node_modules/react-dom": {
      "version": "19.2.7",
      "resolved": "https://registry.npmjs.org/react-dom/-/react-dom-19.2.7.tgz",
      "integrity": "sha512-t0BRVXvbiE/o20Hfw669rLbMCDWtYZLvmJigy2f0MxsXF+71pxhR3xOkspmsO8h3ZlNzyibAmtCa3l4lYKk6gQ==",
      "dev": true,
      "license": "MIT",
      "dependencies": {
        "scheduler": "^0.27.0"
      },
      "peerDependencies": {
        "react": "^19.2.7"
      }
    },
    "node_modules/scheduler": {
      "version": "0.27.0",
      "resolved": "https://registry.npmjs.org/scheduler/-/scheduler-0.27.0.tgz",
      "integrity": "sha512-eNv+WrVbKu1f3vbYJT/xtiF5syA5HPIMtf9IgY/nKg0sWqzAUEvqY/xm7OcZc/qafLx/iO9FgOmeSAp4v5ti/Q==",
      "dev": true,
      "license": "MIT"
    },
    "node_modules/typescript": {
      "version": "5.9.3",
      "resolved": "https://registry.npmjs.org/typescript/-/typescript-5.9.3.tgz",
      "integrity": "sha512-jl1vZzPDinLr9eUt3J/t7V6FgNEw9QjvBPdysz9KfQDD41fQrC2Y4vKQdiaUpFT4bXlb1RHhLpp8wtm6M5TgSw==",
      "dev": true,
      "license": "Apache-2.0",
      "bin": {
        "tsc": "bin/tsc",
        "tsserver": "bin/tsserver"
      },
      "engines": {
        "node": ">=14.17"
      }
    }
  }
}
